# THIS IS AN AUTOGENERATED FILE. DO NOT EDIT THIS FILE DIRECTLY.
# yarn lockfile v1


"@catalyst-elements/catalyst-flip-button@*":
  version "0.8.0"
  resolved "https://registry.yarnpkg.com/@catalyst-elements/catalyst-flip-button/-/catalyst-flip-button-0.8.0.tgz#da14fbc25dcc5815464986e0b66a7812cbf39425"

"@catalyst-elements/catalyst-toggle-button@*", "@catalyst-elements/catalyst-toggle-button@^0.6.1":
  version "0.6.2"
  resolved "https://registry.yarnpkg.com/@catalyst-elements/catalyst-toggle-button/-/catalyst-toggle-button-0.6.2.tgz#0fd7138426d216712c22d7cc363d89cf416dfceb"

"@catalyst-elements/catalyst-toggle-switch@*":
  version "0.5.1"
  resolved "https://registry.yarnpkg.com/@catalyst-elements/catalyst-toggle-switch/-/catalyst-toggle-switch-0.5.1.tgz#e62fd4a05fd6aaa6783999476517f1f77526d102"
  dependencies:
    "@catalyst-elements/catalyst-toggle-button" "^0.6.1"
